uuid: fa4618c2-61c1-4f17-b01a-fde17f1b954b
langcode: en
status: true
dependencies:
  module:
    - node
    - slot_booking_customizations
  theme:
    - olivero
id: registerblock
theme: olivero
region: sidebar
weight: -8
provider: null
plugin: register_block
settings:
  id: register_block
  label: 'Register Block'
  label_display: '0'
  provider: slot_booking_customizations
  context_mapping:
    node: '@node.node_route_context:node'
    user: '@user.current_user_context:current_user'
visibility:
  'entity_bundle:node':
    id: 'entity_bundle:node'
    negate: false
    context_mapping:
      node: '@node.node_route_context:node'
    bundles:
      covid_center: covid_center
